
Microsoft Visual Studio Solution File, Format Version 12.00
# Visual Studio Version 17
VisualStudioVersion = 17.0.31903.59
MinimumVisualStudioVersion = 10.0.40219.1
Project("{FAE04EC0-301F-11D3-BF4B-00C04F79EFBC}") = "alluberes.crud.domain", "alluberes.crud.domain\alluberes.crud.domain.csproj", "{1BF485F9-34B1-475A-9872-E61D64B6ABD3}"
EndProject
Project("{FAE04EC0-301F-11D3-BF4B-00C04F79EFBC}") = "alluberes.crud.application", "alluberes.crud.application\alluberes.crud.application.csproj", "{F68F894A-2C16-4FC0-A044-A4CA6361711B}"
EndProject
Project("{FAE04EC0-301F-11D3-BF4B-00C04F79EFBC}") = "alluberes.crud.infrastructure", "alluberes.crud.infrastructure\alluberes.crud.infrastructure.csproj", "{FE57FA5A-7E7D-4EF7-8CA3-70AC1CCC34C2}"
EndProject
Project("{FAE04EC0-301F-11D3-BF4B-00C04F79EFBC}") = "alluberes.crud.test", "alluberes.crud.test\alluberes.crud.test.csproj", "{EBB82E42-4C8A-48F0-A4CE-812731321DB9}"
EndProject
Global
	GlobalSection(SolutionConfigurationPlatforms) = preSolution
		Debug|Any CPU = Debug|Any CPU
		Release|Any CPU = Release|Any CPU
	EndGlobalSection
	GlobalSection(SolutionProperties) = preSolution
		HideSolutionNode = FALSE
	EndGlobalSection
	GlobalSection(ProjectConfigurationPlatforms) = postSolution
		{1BF485F9-34B1-475A-9872-E61D64B6ABD3}.Debug|Any CPU.ActiveCfg = Debug|Any CPU
		{1BF485F9-34B1-475A-9872-E61D64B6ABD3}.Debug|Any CPU.Build.0 = Debug|Any CPU
		{1BF485F9-34B1-475A-9872-E61D64B6ABD3}.Release|Any CPU.ActiveCfg = Release|Any CPU
		{1BF485F9-34B1-475A-9872-E61D64B6ABD3}.Release|Any CPU.Build.0 = Release|Any CPU
		{F68F894A-2C16-4FC0-A044-A4CA6361711B}.Debug|Any CPU.ActiveCfg = Debug|Any CPU
		{F68F894A-2C16-4FC0-A044-A4CA6361711B}.Debug|Any CPU.Build.0 = Debug|Any CPU
		{F68F894A-2C16-4FC0-A044-A4CA6361711B}.Release|Any CPU.ActiveCfg = Release|Any CPU
		{F68F894A-2C16-4FC0-A044-A4CA6361711B}.Release|Any CPU.Build.0 = Release|Any CPU
		{FE57FA5A-7E7D-4EF7-8CA3-70AC1CCC34C2}.Debug|Any CPU.ActiveCfg = Debug|Any CPU
		{FE57FA5A-7E7D-4EF7-8CA3-70AC1CCC34C2}.Debug|Any CPU.Build.0 = Debug|Any CPU
		{FE57FA5A-7E7D-4EF7-8CA3-70AC1CCC34C2}.Release|Any CPU.ActiveCfg = Release|Any CPU
		{FE57FA5A-7E7D-4EF7-8CA3-70AC1CCC34C2}.Release|Any CPU.Build.0 = Release|Any CPU
		{EBB82E42-4C8A-48F0-A4CE-812731321DB9}.Debug|Any CPU.ActiveCfg = Debug|Any CPU
		{EBB82E42-4C8A-48F0-A4CE-812731321DB9}.Debug|Any CPU.Build.0 = Debug|Any CPU
		{EBB82E42-4C8A-48F0-A4CE-812731321DB9}.Release|Any CPU.ActiveCfg = Release|Any CPU
		{EBB82E42-4C8A-48F0-A4CE-812731321DB9}.Release|Any CPU.Build.0 = Release|Any CPU
	EndGlobalSection
EndGlobal
